
Microsoft Visual Studio Solution File, Format Version 10.00
# Visual Studio 2008
Project("{8BC9CEB8-8B4A-11D0-8D11-00A0C91BC942}") = "Client", "Client\Client.vcproj", "{E23E4F9C-32F6-4EA8-A188-CE842446F9DF}"
EndProject
Project("{2150E333-8FDC-42A3-9474-1A3956D46DE8}") = "Headers", "Headers", "{FB499E53-873A-47D5-B49E-BBDDCE6532A1}"
	ProjectSection(SolutionItems) = preProject
		Headers\Define.h = Headers\Define.h
		Data\imgpath\directionalImgPath.txt = Data\imgpath\directionalImgPath.txt
		Headers\Enum.h = Headers\Enum.h
		Headers\Function.h = Headers\Function.h
		Data\imgpath\GeneralImgPath.txt = Data\imgpath\GeneralImgPath.txt
		Headers\Include.h = Headers\Include.h
		Data\imgpath\LodingImgPath.txt = Data\imgpath\LodingImgPath.txt
		Data\imgpath\MultiEff_ImgPath.txt = Data\imgpath\MultiEff_ImgPath.txt
		Data\imgpath\SingleImgPath.txt = Data\imgpath\SingleImgPath.txt
		Data\imgpath\StateImgPath.txt = Data\imgpath\StateImgPath.txt
		Headers\Struct.h = Headers\Struct.h
		Headers\value.h = Headers\value.h
	EndProjectSection
EndProject
Project("{8BC9CEB8-8B4A-11D0-8D11-00A0C91BC942}") = "Tool", "Tool\Tool.vcproj", "{336A57EB-38CC-4522-9ECC-9E2D3DDF4D1F}"
EndProject
Project("{8BC9CEB8-8B4A-11D0-8D11-00A0C91BC942}") = "Lowlib", "Lowlib\Lowlib.vcproj", "{6165841A-99DE-4696-9EA6-EF00CBD56AC9}"
EndProject
Global
	GlobalSection(SolutionConfigurationPlatforms) = preSolution
		Debug|Win32 = Debug|Win32
		Release|Win32 = Release|Win32
	EndGlobalSection
	GlobalSection(ProjectConfigurationPlatforms) = postSolution
		{E23E4F9C-32F6-4EA8-A188-CE842446F9DF}.Debug|Win32.ActiveCfg = Debug|Win32
		{E23E4F9C-32F6-4EA8-A188-CE842446F9DF}.Debug|Win32.Build.0 = Debug|Win32
		{E23E4F9C-32F6-4EA8-A188-CE842446F9DF}.Release|Win32.ActiveCfg = Release|Win32
		{E23E4F9C-32F6-4EA8-A188-CE842446F9DF}.Release|Win32.Build.0 = Release|Win32
		{336A57EB-38CC-4522-9ECC-9E2D3DDF4D1F}.Debug|Win32.ActiveCfg = Debug|Win32
		{336A57EB-38CC-4522-9ECC-9E2D3DDF4D1F}.Debug|Win32.Build.0 = Debug|Win32
		{336A57EB-38CC-4522-9ECC-9E2D3DDF4D1F}.Release|Win32.ActiveCfg = Release|Win32
		{336A57EB-38CC-4522-9ECC-9E2D3DDF4D1F}.Release|Win32.Build.0 = Release|Win32
		{6165841A-99DE-4696-9EA6-EF00CBD56AC9}.Debug|Win32.ActiveCfg = Debug|Win32
		{6165841A-99DE-4696-9EA6-EF00CBD56AC9}.Debug|Win32.Build.0 = Debug|Win32
		{6165841A-99DE-4696-9EA6-EF00CBD56AC9}.Release|Win32.ActiveCfg = Release|Win32
		{6165841A-99DE-4696-9EA6-EF00CBD56AC9}.Release|Win32.Build.0 = Release|Win32
	EndGlobalSection
	GlobalSection(SolutionProperties) = preSolution
		HideSolutionNode = FALSE
	EndGlobalSection
EndGlobal
